{
  "nodes": {
    "flake-utils": {
      "inputs": {
        "systems": "systems"
      },
      "locked": {
        "lastModified": 1731533236,
        "narHash": "sha256-l0KFg5HjrsfsO/JpG+r7fRrqm12kzFHyUHqHCVpMMbI=",
        "owner": "numtide",
        "repo": "flake-utils",
        "rev": "11707dc2f618dd54ca8739b309ec4fc024de578b",
        "type": "github"
      },
      "original": {
        "owner": "numtide",
        "repo": "flake-utils",
        "type": "github"
      }
    },
    "git-mcp-server-repo": {
      "flake": false,
      "locked": {
        "lastModified": 1761632098,
        "narHash": "sha256-7h9jcXE/6YUAfKofcnWG+UlKQFYDatgY9da00cQ2n4A=",
        "owner": "cyanheads",
        "repo": "git-mcp-server",
        "rev": "ac238b25dd579f973f19eb26f8ba8b20b5360766",
        "type": "github"
      },
      "original": {
        "owner": "cyanheads",
        "repo": "git-mcp-server",
        "type": "github"
      }
    },
    "lsp-mcp-repo": {
      "flake": false,
      "locked": {
        "lastModified": 1753116181,
        "narHash": "sha256-gJ9TwX8GZ9h0TRFbtkR8SMDCDI6zzHisoU442a4cqKg=",
        "owner": "Tritlo",
        "repo": "lsp-mcp",
        "rev": "a37170a1bbd6b7fe99c8021707b6ff0dbbaed376",
        "type": "github"
      },
      "original": {
        "owner": "Tritlo",
        "repo": "lsp-mcp",
        "type": "github"
      }
    },
    "mcp-docs-rag-repo": {
      "flake": false,
      "locked": {
        "lastModified": 1741643707,
        "narHash": "sha256-0/wPed3Dl9ZKRLevV/MHVoDyxO1k3D/T5WKZ/GrUi2A=",
        "owner": "kazuph",
        "repo": "mcp-docs-rag",
        "rev": "c7dcf352f115c707a7d3c3c2badadcd3e586431a",
        "type": "github"
      },
      "original": {
        "owner": "kazuph",
        "repo": "mcp-docs-rag",
        "type": "github"
      }
    },
    "mcp-filesystem-server-repo": {
      "flake": false,
      "locked": {
        "lastModified": 1751233020,
        "narHash": "sha256-59yjOAXjvt6Va804bfOSPJ7G71apOP90Nnd6og5DzhI=",
        "owner": "mark3labs",
        "repo": "mcp-filesystem-server",
        "rev": "830bc892adf9421d496c8192e0a7e8048892fbd4",
        "type": "github"
      },
      "original": {
        "owner": "mark3labs",
        "repo": "mcp-filesystem-server",
        "type": "github"
      }
    },
    "nixpkgs": {
      "locked": {
        "lastModified": 1748026580,
        "narHash": "sha256-rWtXrcIzU5wm/C8F9LWvUfBGu5U5E7cFzPYT1pHIJaQ=",
        "owner": "NixOS",
        "repo": "nixpkgs",
        "rev": "11cb3517b3af6af300dd6c055aeda73c9bf52c48",
        "type": "github"
      },
      "original": {
        "owner": "NixOS",
        "ref": "25.05",
        "repo": "nixpkgs",
        "type": "github"
      }
    },
    "root": {
      "inputs": {
        "flake-utils": "flake-utils",
        "git-mcp-server-repo": "git-mcp-server-repo",
        "lsp-mcp-repo": "lsp-mcp-repo",
        "mcp-docs-rag-repo": "mcp-docs-rag-repo",
        "mcp-filesystem-server-repo": "mcp-filesystem-server-repo",
        "nixpkgs": "nixpkgs",
        "web-search-mcp-repo": "web-search-mcp-repo"
      }
    },
    "systems": {
      "locked": {
        "lastModified": 1681028828,
        "narHash": "sha256-Vy1rq5AaRuLzOxct8nz4T6wlgyUR7zLU309k9mBC768=",
        "owner": "nix-systems",
        "repo": "default",
        "rev": "da67096a3b9bf56a91d16901293e51ba5b49a27e",
        "type": "github"
      },
      "original": {
        "owner": "nix-systems",
        "repo": "default",
        "type": "github"
      }
    },
    "web-search-mcp-repo": {
      "flake": false,
      "locked": {
        "lastModified": 1761744850,
        "narHash": "sha256-p8jnBbSWpHhG7CooBCvA6cEIVKBDuCL3J4twG6vi0uc=",
        "owner": "modelcontextprotocol",
        "repo": "servers",
        "rev": "c7c549711b1577227d0ff8ff7c67fdbf7e4a0225",
        "type": "github"
      },
      "original": {
        "owner": "modelcontextprotocol",
        "repo": "servers",
        "type": "github"
      }
    }
  },
  "root": "root",
  "version": 7
}
